<?xml version="1.0" encoding="utf-8"?>
<Project ToolsVersion="4.0" xmlns="http://schemas.microsoft.com/developer/msbuild/2003">
  <ItemGroup>
    <Filter Include="Source Files">
      <UniqueIdentifier>{4FC737F1-C7A5-4376-A066-2A32D752A2FF}</UniqueIdentifier>
      <Extensions>cpp;c;cc;cxx;def;odl;idl;hpj;bat;asm;asmx</Extensions>
    </Filter>
    <Filter Include="Header Files">
      <UniqueIdentifier>{93995380-89BD-4b04-88EB-625FBE52EBFB}</UniqueIdentifier>
      <Extensions>h;hh;hpp;hxx;hm;inl;inc;xsd</Extensions>
    </Filter>
    <Filter Include="Resource Files">
      <UniqueIdentifier>{67DA6AB6-F800-4c08-8B7A-83BB121AAD01}</UniqueIdentifier>
      <Extensions>rc;ico;cur;bmp;dlg;rc2;rct;bin;rgs;gif;jpg;jpeg;jpe;resx;tiff;tif;png;wav;mfcribbon-ms</Extensions>
    </Filter>
    <Filter Include="Shaders">
      <UniqueIdentifier>{8b6c92a8-f65d-451e-80e3-d65773602b92}</UniqueIdentifier>
    </Filter>
    <Filter Include="Header Files\GUI">
      <UniqueIdentifier>{60a97abb-7e5c-44fb-9fd6-9d5aaf2f7c16}</UniqueIdentifier>
    </Filter>
    <Filter Include="Header Files\Game">
      <UniqueIdentifier>{069a0acd-a53e-4bcf-b5e2-ff88e6c4fb70}</UniqueIdentifier>
    </Filter>
    <Filter Include="Header Files\Game\Board and Tile">
      <UniqueIdentifier>{7176885a-92e7-4159-8e32-068c5d5c19bf}</UniqueIdentifier>
    </Filter>
    <Filter Include="Header Files\Game\Tower">
      <UniqueIdentifier>{646d3ede-a3ae-4cc5-a3d9-aef7d27f4ad9}</UniqueIdentifier>
    </Filter>
    <Filter Include="Header Files\Game\World Mediator">
      <UniqueIdentifier>{a62d0cfb-8ff0-4487-87a3-26960a580bde}</UniqueIdentifier>
    </Filter>
    <Filter Include="Header Files\Game\Game Object">
      <UniqueIdentifier>{fc447c83-354d-4067-aa70-eed568e01400}</UniqueIdentifier>
    </Filter>
    <Filter Include="Source Files\Resource">
      <UniqueIdentifier>{f6f0fc2b-ec86-4d4a-8e39-500ce5271a08}</UniqueIdentifier>
    </Filter>
    <Filter Include="Header Files\Framework">
      <UniqueIdentifier>{67d1a85b-29f7-4bcc-836b-d150ef54f6cc}</UniqueIdentifier>
    </Filter>
    <Filter Include="Header Files\Game\Physic">
      <UniqueIdentifier>{28f3edd9-e9e4-423e-9692-a4345e91bae1}</UniqueIdentifier>
    </Filter>
    <Filter Include="Header Files\Game\Spell">
      <UniqueIdentifier>{45603fd6-f1f7-473f-bd90-4d0cb12e70da}</UniqueIdentifier>
    </Filter>
    <Filter Include="Header Files\GUI\Gui and Board">
      <UniqueIdentifier>{31e175ba-ac78-452d-90c4-ab9b1a528ffd}</UniqueIdentifier>
    </Filter>
    <Filter Include="Header Files\Game\Pattern And Alg">
      <UniqueIdentifier>{2130331c-5810-4b24-8437-9dedc3b90f2e}</UniqueIdentifier>
    </Filter>
    <Filter Include="Header Files\Game\Pattern And Alg\Resource">
      <UniqueIdentifier>{e08c7718-b699-43fb-b8d1-12e7e9ac76a7}</UniqueIdentifier>
    </Filter>
  </ItemGroup>
  <ItemGroup>
    <ClInclude Include="Button.h">
      <Filter>Header Files\GUI</Filter>
    </ClInclude>
    <ClInclude Include="Menu.h">
      <Filter>Header Files\GUI</Filter>
    </ClInclude>
    <ClInclude Include="MenuManager.h">
      <Filter>Header Files\GUI</Filter>
    </ClInclude>
    <ClInclude Include="Tower.h">
      <Filter>Header Files\Game\Tower</Filter>
    </ClInclude>
    <ClInclude Include="TypeArmor.h">
      <Filter>Header Files\Game\Tower</Filter>
    </ClInclude>
    <ClInclude Include="IMediator.h">
      <Filter>Header Files\GUI\Gui and Board</Filter>
    </ClInclude>
    <ClInclude Include="IComponent.h">
      <Filter>Header Files\GUI\Gui and Board</Filter>
    </ClInclude>
    <ClInclude Include="ControlGuiAndBoard.h">
      <Filter>Header Files\GUI\Gui and Board</Filter>
    </ClInclude>
    <ClInclude Include="MouseGame.h">
      <Filter>Header Files\GUI</Filter>
    </ClInclude>
    <ClInclude Include="BoardGame.h">
      <Filter>Header Files\Game\Board and Tile</Filter>
    </ClInclude>
    <ClInclude Include="BuildableTile.h">
      <Filter>Header Files\Game\Board and Tile</Filter>
    </ClInclude>
    <ClInclude Include="TileGame.h">
      <Filter>Header Files\Game\Board and Tile</Filter>
    </ClInclude>
    <ClInclude Include="WalkableTile.h">
      <Filter>Header Files\Game\Board and Tile</Filter>
    </ClInclude>
    <ClInclude Include="Enemy.h">
      <Filter>Header Files\Game\Game Object</Filter>
    </ClInclude>
    <ClInclude Include="Projectile.h">
      <Filter>Header Files\Game\Game Object</Filter>
    </ClInclude>
    <ClInclude Include="IWorldMediator.h">
      <Filter>Header Files\Game\World Mediator</Filter>
    </ClInclude>
    <ClInclude Include="IWordComponent.h">
      <Filter>Header Files\Game\World Mediator</Filter>
    </ClInclude>
    <ClInclude Include="World.h">
      <Filter>Header Files\Game\World Mediator</Filter>
    </ClInclude>
    <ClInclude Include="MyBox2DListener.h">
      <Filter>Header Files\Game\Physic</Filter>
    </ClInclude>
    <ClInclude Include="PhysicObject.h">
      <Filter>Header Files\Game\Physic</Filter>
    </ClInclude>
    <ClInclude Include="Base.h">
      <Filter>Header Files\Game\Game Object</Filter>
    </ClInclude>
    <ClInclude Include="Gold.h">
      <Filter>Header Files\Game\Game Object</Filter>
    </ClInclude>
    <ClInclude Include="Animation.h">
      <Filter>Header Files\Game\Pattern And Alg\Resource</Filter>
    </ClInclude>
    <ClInclude Include="GDIPlusManager.h">
      <Filter>Header Files\Game\Pattern And Alg\Resource</Filter>
    </ClInclude>
    <ClInclude Include="Codex.h">
      <Filter>Header Files\Game\Pattern And Alg\Resource</Filter>
    </ClInclude>
    <ClInclude Include="SpriteEffect.h">
      <Filter>Header Files\Game\Pattern And Alg\Resource</Filter>
    </ClInclude>
    <ClInclude Include="Surface.h">
      <Filter>Header Files\Game\Pattern And Alg\Resource</Filter>
    </ClInclude>
    <ClInclude Include="Font.h">
      <Filter>Header Files\Game\Pattern And Alg\Resource</Filter>
    </ClInclude>
    <ClInclude Include="Element.h">
      <Filter>Header Files\Game\Tower</Filter>
    </ClInclude>
    <ClInclude Include="BuilderMatching.h">
      <Filter>Header Files\Game\Pattern And Alg\Resource</Filter>
    </ClInclude>
    <ClInclude Include="LineWall.h">
      <Filter>Header Files\Game\Game Object</Filter>
    </ClInclude>
    <ClInclude Include="SharedAnimation.h">
      <Filter>Header Files\Game\Pattern And Alg\Resource</Filter>
    </ClInclude>
    <ClInclude Include="ChiliException.h">
      <Filter>Header Files\Framework</Filter>
    </ClInclude>
    <ClInclude Include="ChiliUtil.h">
      <Filter>Header Files\Framework</Filter>
    </ClInclude>
    <ClInclude Include="ChiliWin.h">
      <Filter>Header Files\Framework</Filter>
    </ClInclude>
    <ClInclude Include="Colors.h">
      <Filter>Header Files\Framework</Filter>
    </ClInclude>
    <ClInclude Include="COMInitializer.h">
      <Filter>Header Files\Framework</Filter>
    </ClInclude>
    <ClInclude Include="DXErr.h">
      <Filter>Header Files\Framework</Filter>
    </ClInclude>
    <ClInclude Include="..\..\menu\Engine\FrameTimer.h">
      <Filter>Header Files\Framework</Filter>
    </ClInclude>
    <ClInclude Include="Game.h">
      <Filter>Header Files\Framework</Filter>
    </ClInclude>
    <ClInclude Include="Graphics.h">
      <Filter>Header Files\Framework</Filter>
    </ClInclude>
    <ClInclude Include="Keyboard.h">
      <Filter>Header Files\Framework</Filter>
    </ClInclude>
    <ClInclude Include="MainWindow.h">
      <Filter>Header Files\Framework</Filter>
    </ClInclude>
    <ClInclude Include="Mouse.h">
      <Filter>Header Files\Framework</Filter>
    </ClInclude>
    <ClInclude Include="Resource.h">
      <Filter>Header Files\Framework</Filter>
    </ClInclude>
    <ClInclude Include="Sound.h">
      <Filter>Header Files\Framework</Filter>
    </ClInclude>
    <ClInclude Include="SoundEffect.h">
      <Filter>Header Files\Framework</Filter>
    </ClInclude>
    <ClInclude Include="Explosion.h">
      <Filter>Header Files\Game\Game Object</Filter>
    </ClInclude>
    <ClInclude Include="Spell.h">
      <Filter>Header Files\Game\Spell</Filter>
    </ClInclude>
    <ClInclude Include="ISpellStategy.h">
      <Filter>Header Files\Game\Spell</Filter>
    </ClInclude>
    <ClInclude Include="ISpell.h">
      <Filter>Header Files\Game\Spell</Filter>
    </ClInclude>
    <ClInclude Include="Attribute.h">
      <Filter>Header Files\Game\Game Object</Filter>
    </ClInclude>
    <ClInclude Include="SpellFactory.h">
      <Filter>Header Files\Game\Spell</Filter>
    </ClInclude>
    <ClInclude Include="DameCalculator.h">
      <Filter>Header Files\Game\Spell</Filter>
    </ClInclude>
    <ClInclude Include="ChiliMath.h">
      <Filter>Header Files\Framework</Filter>
    </ClInclude>
    <ClInclude Include="DirectionGuiding.h">
      <Filter>Header Files\Game\Game Object</Filter>
    </ClInclude>
    <ClInclude Include="GameSettings.h">
      <Filter>Header Files\Game</Filter>
    </ClInclude>
    <ClInclude Include="MouseCameraController.h">
      <Filter>Header Files\GUI</Filter>
    </ClInclude>
    <ClInclude Include="Vec2.h">
      <Filter>Header Files</Filter>
    </ClInclude>
    <ClInclude Include="Rect.h">
      <Filter>Header Files</Filter>
    </ClInclude>
    <ClInclude Include="Camera.h">
      <Filter>Header Files\GUI</Filter>
    </ClInclude>
    <ClInclude Include="Background.h">
      <Filter>Header Files\Game\Board and Tile</Filter>
    </ClInclude>
    <ClInclude Include="MaxxMath.h">
      <Filter>Header Files\Game\Pattern And Alg\Resource</Filter>
    </ClInclude>
    <ClInclude Include="CollidableUI.h">
      <Filter>Header Files\Game\Physic</Filter>
    </ClInclude>
    <ClInclude Include="ListenerBox2DGUI.h">
      <Filter>Header Files\Game\Physic</Filter>
    </ClInclude>
    <ClInclude Include="MouseGui.h">
      <Filter>Header Files\GUI</Filter>
    </ClInclude>
    <ClInclude Include="QuerySelectorBox2D.h">
      <Filter>Header Files\Game\Physic</Filter>
    </ClInclude>
  </ItemGroup>
  <ItemGroup>
    <ClCompile Include="DXErr.cpp">
      <Filter>Source Files</Filter>
    </ClCompile>
    <ClCompile Include="Game.cpp">
      <Filter>Source Files</Filter>
    </ClCompile>
    <ClCompile Include="Graphics.cpp">
      <Filter>Source Files</Filter>
    </ClCompile>
    <ClCompile Include="Keyboard.cpp">
      <Filter>Source Files</Filter>
    </ClCompile>
    <ClCompile Include="Main.cpp">
      <Filter>Source Files</Filter>
    </ClCompile>
    <ClCompile Include="MainWindow.cpp">
      <Filter>Source Files</Filter>
    </ClCompile>
    <ClCompile Include="Mouse.cpp">
      <Filter>Source Files</Filter>
    </ClCompile>
    <ClCompile Include="Sound.cpp">
      <Filter>Source Files</Filter>
    </ClCompile>
    <ClCompile Include="COMInitializer.cpp">
      <Filter>Source Files</Filter>
    </ClCompile>
    <ClCompile Include="..\..\menu\Engine\FrameTimer.cpp">
      <Filter>Source Files</Filter>
    </ClCompile>
    <ClCompile Include="GDIPlusManager.cpp">
      <Filter>Source Files</Filter>
    </ClCompile>
    <ClCompile Include="SoundEffect.cpp">
      <Filter>Source Files</Filter>
    </ClCompile>
    <ClCompile Include="GraphicsOD.cpp">
      <Filter>Source Files\Resource</Filter>
    </ClCompile>
    <ClCompile Include="SurfaceOD.cpp">
      <Filter>Source Files\Resource</Filter>
    </ClCompile>
    <ClCompile Include="Surface.cpp">
      <Filter>Source Files\Resource</Filter>
    </ClCompile>
    <ClCompile Include="Font.cpp">
      <Filter>Source Files\Resource</Filter>
    </ClCompile>
    <ClCompile Include="Attribute.cpp">
      <Filter>Source Files</Filter>
    </ClCompile>
  </ItemGroup>
  <ItemGroup>
    <FxCompile Include="FramebufferPS.hlsl">
      <Filter>Shaders</Filter>
    </FxCompile>
    <FxCompile Include="FramebufferVS.hlsl">
      <Filter>Shaders</Filter>
    </FxCompile>
  </ItemGroup>
  <ItemGroup>
    <ResourceCompile Include="Resource.rc">
      <Filter>Resource Files</Filter>
    </ResourceCompile>
  </ItemGroup>
  <ItemGroup>
    <Image Include="Chili.ico">
      <Filter>Resource Files</Filter>
    </Image>
  </ItemGroup>
</Project>